
Microsoft Visual Studio Solution File, Format Version 12.00
# Visual Studio Version 16
VisualStudioVersion = 16.0.32002.261
MinimumVisualStudioVersion = 10.0.40219.1
Project("{9A19103F-16F7-4668-BE54-9A1E7A4F7556}") = "Api.Discount", "Api.Discount\Api.Discount.csproj", "{36634194-87F0-4D3C-9EB1-1EC9AF2B65B9}"
EndProject
Project("{E53339B2-1760-4266-BCC7-CA923CBCF16C}") = "docker-compose", "docker-compose.dcproj", "{051407D6-B8C7-447C-86F7-C3475C3FFDD9}"
EndProject
Global
	GlobalSection(SolutionConfigurationPlatforms) = preSolution
		Debug|Any CPU = Debug|Any CPU
		Release|Any CPU = Release|Any CPU
	EndGlobalSection
	GlobalSection(ProjectConfigurationPlatforms) = postSolution
		{36634194-87F0-4D3C-9EB1-1EC9AF2B65B9}.Debug|Any CPU.ActiveCfg = Debug|Any CPU
		{36634194-87F0-4D3C-9EB1-1EC9AF2B65B9}.Debug|Any CPU.Build.0 = Debug|Any CPU
		{36634194-87F0-4D3C-9EB1-1EC9AF2B65B9}.Release|Any CPU.ActiveCfg = Release|Any CPU
		{36634194-87F0-4D3C-9EB1-1EC9AF2B65B9}.Release|Any CPU.Build.0 = Release|Any CPU
		{051407D6-B8C7-447C-86F7-C3475C3FFDD9}.Debug|Any CPU.ActiveCfg = Debug|Any CPU
		{051407D6-B8C7-447C-86F7-C3475C3FFDD9}.Debug|Any CPU.Build.0 = Debug|Any CPU
		{051407D6-B8C7-447C-86F7-C3475C3FFDD9}.Release|Any CPU.ActiveCfg = Release|Any CPU
		{051407D6-B8C7-447C-86F7-C3475C3FFDD9}.Release|Any CPU.Build.0 = Release|Any CPU
	EndGlobalSection
	GlobalSection(SolutionProperties) = preSolution
		HideSolutionNode = FALSE
	EndGlobalSection
	GlobalSection(ExtensibilityGlobals) = postSolution
		SolutionGuid = {794178A1-09AF-4888-B32E-6157F7880E7E}
	EndGlobalSection
EndGlobal
