
Microsoft Visual Studio Solution File, Format Version 12.00
# Visual Studio Version 16
VisualStudioVersion = 16.0.32002.261
MinimumVisualStudioVersion = 10.0.40219.1
Project("{FAE04EC0-301F-11D3-BF4B-00C04F79EFBC}") = "Grpc.Discount", "Grpc.Discount\Grpc.Discount.csproj", "{DA20F5F1-5F35-4D71-83C4-A20132C0238B}"
EndProject
Global
	GlobalSection(SolutionConfigurationPlatforms) = preSolution
		Debug|Any CPU = Debug|Any CPU
		Release|Any CPU = Release|Any CPU
	EndGlobalSection
	GlobalSection(ProjectConfigurationPlatforms) = postSolution
		{DA20F5F1-5F35-4D71-83C4-A20132C0238B}.Debug|Any CPU.ActiveCfg = Debug|Any CPU
		{DA20F5F1-5F35-4D71-83C4-A20132C0238B}.Debug|Any CPU.Build.0 = Debug|Any CPU
		{DA20F5F1-5F35-4D71-83C4-A20132C0238B}.Release|Any CPU.ActiveCfg = Release|Any CPU
		{DA20F5F1-5F35-4D71-83C4-A20132C0238B}.Release|Any CPU.Build.0 = Release|Any CPU
	EndGlobalSection
	GlobalSection(SolutionProperties) = preSolution
		HideSolutionNode = FALSE
	EndGlobalSection
	GlobalSection(ExtensibilityGlobals) = postSolution
		SolutionGuid = {581B847F-555F-4578-9A35-0AA950251436}
	EndGlobalSection
EndGlobal
