
Microsoft Visual Studio Solution File, Format Version 12.00
# Visual Studio Version 16
VisualStudioVersion = 16.0.32002.261
MinimumVisualStudioVersion = 10.0.40219.1
Project("{9A19103F-16F7-4668-BE54-9A1E7A4F7556}") = "Api.Basket", "Api.Basket\Api.Basket.csproj", "{DAD8363E-98EA-4442-9C33-CAF439A8EAB9}"
EndProject
Project("{E53339B2-1760-4266-BCC7-CA923CBCF16C}") = "docker-compose", "docker-compose.dcproj", "{3F6177A4-9E16-44CD-914A-8DEB49200943}"
EndProject
Global
	GlobalSection(SolutionConfigurationPlatforms) = preSolution
		Debug|Any CPU = Debug|Any CPU
		Release|Any CPU = Release|Any CPU
	EndGlobalSection
	GlobalSection(ProjectConfigurationPlatforms) = postSolution
		{DAD8363E-98EA-4442-9C33-CAF439A8EAB9}.Debug|Any CPU.ActiveCfg = Debug|Any CPU
		{DAD8363E-98EA-4442-9C33-CAF439A8EAB9}.Debug|Any CPU.Build.0 = Debug|Any CPU
		{DAD8363E-98EA-4442-9C33-CAF439A8EAB9}.Release|Any CPU.ActiveCfg = Release|Any CPU
		{DAD8363E-98EA-4442-9C33-CAF439A8EAB9}.Release|Any CPU.Build.0 = Release|Any CPU
		{3F6177A4-9E16-44CD-914A-8DEB49200943}.Debug|Any CPU.ActiveCfg = Debug|Any CPU
		{3F6177A4-9E16-44CD-914A-8DEB49200943}.Debug|Any CPU.Build.0 = Debug|Any CPU
		{3F6177A4-9E16-44CD-914A-8DEB49200943}.Release|Any CPU.ActiveCfg = Release|Any CPU
		{3F6177A4-9E16-44CD-914A-8DEB49200943}.Release|Any CPU.Build.0 = Release|Any CPU
	EndGlobalSection
	GlobalSection(SolutionProperties) = preSolution
		HideSolutionNode = FALSE
	EndGlobalSection
	GlobalSection(ExtensibilityGlobals) = postSolution
		SolutionGuid = {CC1C3450-5B21-44C7-B0BA-7A53C5E4698F}
	EndGlobalSection
EndGlobal
